
Microsoft Visual Studio Solution File, Format Version 12.00
# Visual Studio 15
VisualStudioVersion = 15.0.28307.136
MinimumVisualStudioVersion = 10.0.40219.1
Project("{9A19103F-16F7-4668-BE54-9A1E7A4F7556}") = "Unearth.Demo.ML.FromDB.MLNET8", "Unearth.Demo.ML.FromDB.MLNET8\Unearth.Demo.ML.FromDB.MLNET8.csproj", "{A8805104-8878-4282-9522-B86D18936F13}"
EndProject
Project("{9A19103F-16F7-4668-BE54-9A1E7A4F7556}") = "Unearth.Demo.ML.FromDB.Common", "Unearth.Demo.ML.FromDB.Common\Unearth.Demo.ML.FromDB.Common.csproj", "{C0C1974F-1E32-46F7-91B4-DB52971B6B7F}"
EndProject
Global
	GlobalSection(SolutionConfigurationPlatforms) = preSolution
		Debug|Any CPU = Debug|Any CPU
		Release|Any CPU = Release|Any CPU
	EndGlobalSection
	GlobalSection(ProjectConfigurationPlatforms) = postSolution
		{A8805104-8878-4282-9522-B86D18936F13}.Debug|Any CPU.ActiveCfg = Debug|Any CPU
		{A8805104-8878-4282-9522-B86D18936F13}.Debug|Any CPU.Build.0 = Debug|Any CPU
		{A8805104-8878-4282-9522-B86D18936F13}.Release|Any CPU.ActiveCfg = Release|Any CPU
		{A8805104-8878-4282-9522-B86D18936F13}.Release|Any CPU.Build.0 = Release|Any CPU
		{C0C1974F-1E32-46F7-91B4-DB52971B6B7F}.Debug|Any CPU.ActiveCfg = Debug|Any CPU
		{C0C1974F-1E32-46F7-91B4-DB52971B6B7F}.Debug|Any CPU.Build.0 = Debug|Any CPU
		{C0C1974F-1E32-46F7-91B4-DB52971B6B7F}.Release|Any CPU.ActiveCfg = Release|Any CPU
		{C0C1974F-1E32-46F7-91B4-DB52971B6B7F}.Release|Any CPU.Build.0 = Release|Any CPU
	EndGlobalSection
	GlobalSection(SolutionProperties) = preSolution
		HideSolutionNode = FALSE
	EndGlobalSection
	GlobalSection(ExtensibilityGlobals) = postSolution
		SolutionGuid = {8D89023C-7F2D-49B7-9DC6-4CA0FD643B36}
	EndGlobalSection
EndGlobal
